
Microsoft Visual Studio Solution File, Format Version 12.00
# Visual Studio Version 16
VisualStudioVersion = 16.0.31321.278
MinimumVisualStudioVersion = 10.0.40219.1
Project("{FAE04EC0-301F-11D3-BF4B-00C04F79EFBC}") = "Week2-Lectorial", "Week2-Lectorial\Week2-Lectorial.csproj", "{AC509494-BACF-41ED-95D4-85D2A91EDF9B}"
EndProject
Global
	GlobalSection(SolutionConfigurationPlatforms) = preSolution
		Debug|Any CPU = Debug|Any CPU
		Release|Any CPU = Release|Any CPU
	EndGlobalSection
	GlobalSection(ProjectConfigurationPlatforms) = postSolution
		{AC509494-BACF-41ED-95D4-85D2A91EDF9B}.Debug|Any CPU.ActiveCfg = Debug|Any CPU
		{AC509494-BACF-41ED-95D4-85D2A91EDF9B}.Debug|Any CPU.Build.0 = Debug|Any CPU
		{AC509494-BACF-41ED-95D4-85D2A91EDF9B}.Release|Any CPU.ActiveCfg = Release|Any CPU
		{AC509494-BACF-41ED-95D4-85D2A91EDF9B}.Release|Any CPU.Build.0 = Release|Any CPU
	EndGlobalSection
	GlobalSection(SolutionProperties) = preSolution
		HideSolutionNode = FALSE
	EndGlobalSection
	GlobalSection(ExtensibilityGlobals) = postSolution
		SolutionGuid = {8CF5C7ED-32AA-4D11-B232-C338427868AA}
	EndGlobalSection
EndGlobal
